
Microsoft Visual Studio Solution File, Format Version 12.00
# Visual Studio Version 16
VisualStudioVersion = 16.0.33328.57
MinimumVisualStudioVersion = 10.0.40219.1
Project("{8BC9CEB8-8B4A-11D0-8D11-00A0C91BC942}") = "arbol_binario", "arbol_binario\arbol_binario.vcxproj", "{B617DDA4-1AE8-4542-A07A-AC174CC737FA}"
EndProject
Global
	GlobalSection(SolutionConfigurationPlatforms) = preSolution
		Debug|x64 = Debug|x64
		Debug|x86 = Debug|x86
		Release|x64 = Release|x64
		Release|x86 = Release|x86
	EndGlobalSection
	GlobalSection(ProjectConfigurationPlatforms) = postSolution
		{B617DDA4-1AE8-4542-A07A-AC174CC737FA}.Debug|x64.ActiveCfg = Debug|x64
		{B617DDA4-1AE8-4542-A07A-AC174CC737FA}.Debug|x64.Build.0 = Debug|x64
		{B617DDA4-1AE8-4542-A07A-AC174CC737FA}.Debug|x86.ActiveCfg = Debug|Win32
		{B617DDA4-1AE8-4542-A07A-AC174CC737FA}.Debug|x86.Build.0 = Debug|Win32
		{B617DDA4-1AE8-4542-A07A-AC174CC737FA}.Release|x64.ActiveCfg = Release|x64
		{B617DDA4-1AE8-4542-A07A-AC174CC737FA}.Release|x64.Build.0 = Release|x64
		{B617DDA4-1AE8-4542-A07A-AC174CC737FA}.Release|x86.ActiveCfg = Release|Win32
		{B617DDA4-1AE8-4542-A07A-AC174CC737FA}.Release|x86.Build.0 = Release|Win32
	EndGlobalSection
	GlobalSection(SolutionProperties) = preSolution
		HideSolutionNode = FALSE
	EndGlobalSection
	GlobalSection(ExtensibilityGlobals) = postSolution
		SolutionGuid = {6B053A20-1EB5-4BF0-A4C6-580889C7E030}
	EndGlobalSection
EndGlobal
